{
  "requires": true,
  "lockfileVersion": 1,
  "dependencies": {
    "@use-gesture/core": {
      "version": "10.2.10",
      "resolved": "https://registry.npmjs.org/@use-gesture/core/-/core-10.2.10.tgz",
      "integrity": "sha512-7WFIDfeTB+7RBui8YOrB2xbgmvMsvaCDjyzrdvECKkgOpIynNSdhlLXjiFuqQMtnK71IL/9WNZNU0P8xuaLuUQ=="
    },
    "@use-gesture/react": {
      "version": "10.2.10",
      "resolved": "https://registry.npmjs.org/@use-gesture/react/-/react-10.2.10.tgz",
      "integrity": "sha512-znChnKVAMMGXD9J7fCKN686BJNBlUJaRtCu92IQXVWdcxg4MqS0SgsBslGnTWXTlsHVkg5zcGjKYf7qYkOf0Rg==",
      "requires": {
        "@use-gesture/core": "10.2.10"
      }
    },
    "react-swipeable": {
      "version": "6.2.1",
      "resolved": "https://registry.npmjs.org/react-swipeable/-/react-swipeable-6.2.1.tgz",
      "integrity": "sha512-JpTj+tjJTDcIWtoMkab6zfwWD1T1tBzUyEfXsXnohnNkwA2dTuNS0gtN7HoxU1Qa+e3GDnfNYk2z7vwzfO4SoQ=="
    }
  }
}
